// !$*UTF8*$!
{
	archiveVersion = 1;
	classes = {
	};
	objectVersion = 55;
	objects = {

/* Begin PBXBuildFile section */
		560CA3F1291A36F3003C79D8 /* LoginViewController.swift in Sources */ = {isa = PBXBuildFile; fileRef = 560CA3F0291A36F3003C79D8 /* LoginViewController.swift */; };
		560CA3F8291D8185003C79D8 /* TableViewController.swift in Sources */ = {isa = PBXBuildFile; fileRef = 560CA3F7291D8185003C79D8 /* TableViewController.swift */; };
		5631A39628EFC0AB008518B8 /* AppDelegate.swift in Sources */ = {isa = PBXBuildFile; fileRef = 5631A39528EFC0AB008518B8 /* AppDelegate.swift */; };
		5631A39828EFC0AB008518B8 /* SceneDelegate.swift in Sources */ = {isa = PBXBuildFile; fileRef = 5631A39728EFC0AB008518B8 /* SceneDelegate.swift */; };
		5631A39A28EFC0AB008518B8 /* ViewController.swift in Sources */ = {isa = PBXBuildFile; fileRef = 5631A39928EFC0AB008518B8 /* ViewController.swift */; };
		5631A39D28EFC0AB008518B8 /* Main.storyboard in Resources */ = {isa = PBXBuildFile; fileRef = 5631A39B28EFC0AB008518B8 /* Main.storyboard */; };
		5631A39F28EFC0B0008518B8 /* Assets.xcassets in Resources */ = {isa = PBXBuildFile; fileRef = 5631A39E28EFC0B0008518B8 /* Assets.xcassets */; };
		5631A3A228EFC0B0008518B8 /* LaunchScreen.storyboard in Resources */ = {isa = PBXBuildFile; fileRef = 5631A3A028EFC0B0008518B8 /* LaunchScreen.storyboard */; };
		568310E8292AE94B00487087 /* FirebaseAuth in Frameworks */ = {isa = PBXBuildFile; productRef = 568310E7292AE94B00487087 /* FirebaseAuth */; };
		568310EC292AEED400487087 /* MainViewController.swift in Sources */ = {isa = PBXBuildFile; fileRef = 568310EB292AEED400487087 /* MainViewController.swift */; };
		568310F0292C4EF600487087 /* SettingsViewController.swift in Sources */ = {isa = PBXBuildFile; fileRef = 568310EF292C4EF600487087 /* SettingsViewController.swift */; };
		568310F4292C5E7F00487087 /* InstructionsViewController.swift in Sources */ = {isa = PBXBuildFile; fileRef = 568310F3292C5E7F00487087 /* InstructionsViewController.swift */; };
		568310F6292ED81600487087 /* .gitignore in Resources */ = {isa = PBXBuildFile; fileRef = 568310F5292ED81600487087 /* .gitignore */; };
		568310F82930435D00487087 /* README.md in Resources */ = {isa = PBXBuildFile; fileRef = 568310F72930435D00487087 /* README.md */; };
		568310FE29315A7200487087 /* GroupProject.xcdatamodeld in Sources */ = {isa = PBXBuildFile; fileRef = 568310FC29315A7200487087 /* GroupProject.xcdatamodeld */; };
		56B1C4542939DDC000F23954 /* ProfileViewController.swift in Sources */ = {isa = PBXBuildFile; fileRef = 56B1C4532939DDC000F23954 /* ProfileViewController.swift */; };
		56B1C4562939E6C000F23954 /* ScoreTableViewCell.swift in Sources */ = {isa = PBXBuildFile; fileRef = 56B1C4552939E6C000F23954 /* ScoreTableViewCell.swift */; };
		F9B39C10293D4C7B0039DBB6 /* PhotosViewController.swift in Sources */ = {isa = PBXBuildFile; fileRef = F9B39C0F293D4C7B0039DBB6 /* PhotosViewController.swift */; };
		F9D91CCE292DA66A0093E347 /* GoogleService-Info.plist in Resources */ = {isa = PBXBuildFile; fileRef = F9D91CCD292DA66A0093E347 /* GoogleService-Info.plist */; };
/* End PBXBuildFile section */

/* Begin PBXFileReference section */
		560CA3F0291A36F3003C79D8 /* LoginViewController.swift */ = {isa = PBXFileReference; lastKnownFileType = sourcecode.swift; path = LoginViewController.swift; sourceTree = "<group>"; };
		560CA3F7291D8185003C79D8 /* TableViewController.swift */ = {isa = PBXFileReference; lastKnownFileType = sourcecode.swift; path = TableViewController.swift; sourceTree = "<group>"; };
		5631A39228EFC0AB008518B8 /* GroupProject.app */ = {isa = PBXFileReference; explicitFileType = wrapper.application; includeInIndex = 0; path = GroupProject.app; sourceTree = BUILT_PRODUCTS_DIR; };
		5631A39528EFC0AB008518B8 /* AppDelegate.swift */ = {isa = PBXFileReference; lastKnownFileType = sourcecode.swift; path = AppDelegate.swift; sourceTree = "<group>"; };
		5631A39728EFC0AB008518B8 /* SceneDelegate.swift */ = {isa = PBXFileReference; lastKnownFileType = sourcecode.swift; path = SceneDelegate.swift; sourceTree = "<group>"; };
		5631A39928EFC0AB008518B8 /* ViewController.swift */ = {isa = PBXFileReference; lastKnownFileType = sourcecode.swift; path = ViewController.swift; sourceTree = "<group>"; };
		5631A39C28EFC0AB008518B8 /* Base */ = {isa = PBXFileReference; lastKnownFileType = file.storyboard; name = Base; path = Base.lproj/Main.storyboard; sourceTree = "<group>"; };
		5631A39E28EFC0B0008518B8 /* Assets.xcassets */ = {isa = PBXFileReference; lastKnownFileType = folder.assetcatalog; path = Assets.xcassets; sourceTree = "<group>"; };
		5631A3A128EFC0B0008518B8 /* Base */ = {isa = PBXFileReference; lastKnownFileType = file.storyboard; name = Base; path = Base.lproj/LaunchScreen.storyboard; sourceTree = "<group>"; };
		5631A3A328EFC0B0008518B8 /* Info.plist */ = {isa = PBXFileReference; lastKnownFileType = text.plist.xml; path = Info.plist; sourceTree = "<group>"; };
		568310EB292AEED400487087 /* MainViewController.swift */ = {isa = PBXFileReference; lastKnownFileType = sourcecode.swift; path = MainViewController.swift; sourceTree = "<group>"; };
		568310EF292C4EF600487087 /* SettingsViewController.swift */ = {isa = PBXFileReference; lastKnownFileType = sourcecode.swift; path = SettingsViewController.swift; sourceTree = "<group>"; };
		568310F3292C5E7F00487087 /* InstructionsViewController.swift */ = {isa = PBXFileReference; lastKnownFileType = sourcecode.swift; path = InstructionsViewController.swift; sourceTree = "<group>"; };
		568310F5292ED81600487087 /* .gitignore */ = {isa = PBXFileReference; lastKnownFileType = text; path = .gitignore; sourceTree = "<group>"; };
		568310F72930435D00487087 /* README.md */ = {isa = PBXFileReference; lastKnownFileType = net.daringfireball.markdown; path = README.md; sourceTree = "<group>"; };
		568310FD29315A7200487087 /* GroupProject.xcdatamodel */ = {isa = PBXFileReference; lastKnownFileType = wrapper.xcdatamodel; path = GroupProject.xcdatamodel; sourceTree = "<group>"; };
		56B1C4532939DDC000F23954 /* ProfileViewController.swift */ = {isa = PBXFileReference; lastKnownFileType = sourcecode.swift; path = ProfileViewController.swift; sourceTree = "<group>"; };
		56B1C4552939E6C000F23954 /* ScoreTableViewCell.swift */ = {isa = PBXFileReference; lastKnownFileType = sourcecode.swift; path = ScoreTableViewCell.swift; sourceTree = "<group>"; };
		F9B39C0F293D4C7B0039DBB6 /* PhotosViewController.swift */ = {isa = PBXFileReference; lastKnownFileType = sourcecode.swift; path = PhotosViewController.swift; sourceTree = "<group>"; };
		F9D91CCD292DA66A0093E347 /* GoogleService-Info.plist */ = {isa = PBXFileReference; fileEncoding = 4; lastKnownFileType = text.plist.xml; path = "GoogleService-Info.plist"; sourceTree = "<group>"; };
/* End PBXFileReference section */

/* Begin PBXFrameworksBuildPhase section */
		5631A38F28EFC0AB008518B8 /* Frameworks */ = {
			isa = PBXFrameworksBuildPhase;
			buildActionMask = 2147483647;
			files = (
				568310E8292AE94B00487087 /* FirebaseAuth in Frameworks */,
			);
			runOnlyForDeploymentPostprocessing = 0;
		};
/* End PBXFrameworksBuildPhase section */

/* Begin PBXGroup section */
		5631A38928EFC0AB008518B8 = {
			isa = PBXGroup;
			children = (
				568310FC29315A7200487087 /* GroupProject.xcdatamodeld */,
				568310F72930435D00487087 /* README.md */,
				568310F5292ED81600487087 /* .gitignore */,
				5631A39428EFC0AB008518B8 /* GroupProject */,
				5631A39328EFC0AB008518B8 /* Products */,
			);
			sourceTree = "<group>";
		};
		5631A39328EFC0AB008518B8 /* Products */ = {
			isa = PBXGroup;
			children = (
				5631A39228EFC0AB008518B8 /* GroupProject.app */,
			);
			name = Products;
			sourceTree = "<group>";
		};
		5631A39428EFC0AB008518B8 /* GroupProject */ = {
			isa = PBXGroup;
			children = (
				5631A39528EFC0AB008518B8 /* AppDelegate.swift */,
				5631A39728EFC0AB008518B8 /* SceneDelegate.swift */,
				5631A39928EFC0AB008518B8 /* ViewController.swift */,
				5631A39B28EFC0AB008518B8 /* Main.storyboard */,
				568310EB292AEED400487087 /* MainViewController.swift */,
				56B1C4532939DDC000F23954 /* ProfileViewController.swift */,
				568310F3292C5E7F00487087 /* InstructionsViewController.swift */,
				568310EF292C4EF600487087 /* SettingsViewController.swift */,
				560CA3F0291A36F3003C79D8 /* LoginViewController.swift */,
				560CA3F7291D8185003C79D8 /* TableViewController.swift */,
				5631A39E28EFC0B0008518B8 /* Assets.xcassets */,
				5631A3A028EFC0B0008518B8 /* LaunchScreen.storyboard */,
				5631A3A328EFC0B0008518B8 /* Info.plist */,
				F9D91CCD292DA66A0093E347 /* GoogleService-Info.plist */,
				56B1C4552939E6C000F23954 /* ScoreTableViewCell.swift */,
				F9B39C0F293D4C7B0039DBB6 /* PhotosViewController.swift */,
			);
			path = GroupProject;
			sourceTree = "<group>";
		};
/* End PBXGroup section */

/* Begin PBXNativeTarget section */
		5631A39128EFC0AB008518B8 /* GroupProject */ = {
			isa = PBXNativeTarget;
			buildConfigurationList = 5631A3A628EFC0B0008518B8 /* Build configuration list for PBXNativeTarget "GroupProject" */;
			buildPhases = (
				5631A38E28EFC0AB008518B8 /* Sources */,
				5631A38F28EFC0AB008518B8 /* Frameworks */,
				5631A39028EFC0AB008518B8 /* Resources */,
			);
			buildRules = (
			);
			dependencies = (
			);
			name = GroupProject;
			packageProductDependencies = (
				568310E7292AE94B00487087 /* FirebaseAuth */,
			);
			productName = GroupProject;
			productReference = 5631A39228EFC0AB008518B8 /* GroupProject.app */;
			productType = "com.apple.product-type.application";
		};
/* End PBXNativeTarget section */

/* Begin PBXProject section */
		5631A38A28EFC0AB008518B8 /* Project object */ = {
			isa = PBXProject;
			attributes = {
				BuildIndependentTargetsInParallel = 1;
				LastSwiftUpdateCheck = 1340;
				LastUpgradeCheck = 1340;
				TargetAttributes = {
					5631A39128EFC0AB008518B8 = {
						CreatedOnToolsVersion = 13.4.1;
					};
				};
			};
			buildConfigurationList = 5631A38D28EFC0AB008518B8 /* Build configuration list for PBXProject "GroupProject" */;
			compatibilityVersion = "Xcode 13.0";
			developmentRegion = en;
			hasScannedForEncodings = 0;
			knownRegions = (
				en,
				Base,
			);
			mainGroup = 5631A38928EFC0AB008518B8;
			packageReferences = (
				568310E6292AE94B00487087 /* XCRemoteSwiftPackageReference "firebase-ios-sdk" */,
			);
			productRefGroup = 5631A39328EFC0AB008518B8 /* Products */;
			projectDirPath = "";
			projectRoot = "";
			targets = (
				5631A39128EFC0AB008518B8 /* GroupProject */,
			);
		};
/* End PBXProject section */

/* Begin PBXResourcesBuildPhase section */
		5631A39028EFC0AB008518B8 /* Resources */ = {
			isa = PBXResourcesBuildPhase;
			buildActionMask = 2147483647;
			files = (
				568310F82930435D00487087 /* README.md in Resources */,
				568310F6292ED81600487087 /* .gitignore in Resources */,
				5631A3A228EFC0B0008518B8 /* LaunchScreen.storyboard in Resources */,
				F9D91CCE292DA66A0093E347 /* GoogleService-Info.plist in Resources */,
				5631A39F28EFC0B0008518B8 /* Assets.xcassets in Resources */,
				5631A39D28EFC0AB008518B8 /* Main.storyboard in Resources */,
			);
			runOnlyForDeploymentPostprocessing = 0;
		};
/* End PBXResourcesBuildPhase section */

/* Begin PBXSourcesBuildPhase section */
		5631A38E28EFC0AB008518B8 /* Sources */ = {
			isa = PBXSourcesBuildPhase;
			buildActionMask = 2147483647;
			files = (
				560CA3F1291A36F3003C79D8 /* LoginViewController.swift in Sources */,
				5631A39A28EFC0AB008518B8 /* ViewController.swift in Sources */,
				56B1C4542939DDC000F23954 /* ProfileViewController.swift in Sources */,
				568310F0292C4EF600487087 /* SettingsViewController.swift in Sources */,
				5631A39628EFC0AB008518B8 /* AppDelegate.swift in Sources */,
				56B1C4562939E6C000F23954 /* ScoreTableViewCell.swift in Sources */,
				568310FE29315A7200487087 /* GroupProject.xcdatamodeld in Sources */,
				568310EC292AEED400487087 /* MainViewController.swift in Sources */,
				560CA3F8291D8185003C79D8 /* TableViewController.swift in Sources */,
				F9B39C10293D4C7B0039DBB6 /* PhotosViewController.swift in Sources */,
				568310F4292C5E7F00487087 /* InstructionsViewController.swift in Sources */,
				5631A39828EFC0AB008518B8 /* SceneDelegate.swift in Sources */,
			);
			runOnlyForDeploymentPostprocessing = 0;
		};
/* End PBXSourcesBuildPhase section */

/* Begin PBXVariantGroup section */
		5631A39B28EFC0AB008518B8 /* Main.storyboard */ = {
			isa = PBXVariantGroup;
			children = (
				5631A39C28EFC0AB008518B8 /* Base */,
			);
			name = Main.storyboard;
			sourceTree = "<group>";
		};
		5631A3A028EFC0B0008518B8 /* LaunchScreen.storyboard */ = {
			isa = PBXVariantGroup;
			children = (
				5631A3A128EFC0B0008518B8 /* Base */,
			);
			name = LaunchScreen.storyboard;
			sourceTree = "<group>";
		};
/* End PBXVariantGroup section */

/* Begin XCBuildConfiguration section */
		5631A3A428EFC0B0008518B8 /* Debug */ = {
			isa = XCBuildConfiguration;
			buildSettings = {
				ALWAYS_SEARCH_USER_PATHS = NO;
				CLANG_ANALYZER_NONNULL = YES;
				CLANG_ANALYZER_NUMBER_OBJECT_CONVERSION = YES_AGGRESSIVE;
				CLANG_CXX_LANGUAGE_STANDARD = "gnu++17";
				CLANG_ENABLE_MODULES = YES;
				CLANG_ENABLE_OBJC_ARC = YES;
				CLANG_ENABLE_OBJC_WEAK = YES;
				CLANG_WARN_BLOCK_CAPTURE_AUTORELEASING = YES;
				CLANG_WARN_BOOL_CONVERSION = YES;
				CLANG_WARN_COMMA = YES;
				CLANG_WARN_CONSTANT_CONVERSION = YES;
				CLANG_WARN_DEPRECATED_OBJC_IMPLEMENTATIONS = YES;
				CLANG_WARN_DIRECT_OBJC_ISA_USAGE = YES_ERROR;
				CLANG_WARN_DOCUMENTATION_COMMENTS = YES;
				CLANG_WARN_EMPTY_BODY = YES;
				CLANG_WARN_ENUM_CONVERSION = YES;
				CLANG_WARN_INFINITE_RECURSION = YES;
				CLANG_WARN_INT_CONVERSION = YES;
				CLANG_WARN_NON_LITERAL_NULL_CONVERSION = YES;
				CLANG_WARN_OBJC_IMPLICIT_RETAIN_SELF = YES;
				CLANG_WARN_OBJC_LITERAL_CONVERSION = YES;
				CLANG_WARN_OBJC_ROOT_CLASS = YES_ERROR;
				CLANG_WARN_QUOTED_INCLUDE_IN_FRAMEWORK_HEADER = YES;
				CLANG_WARN_RANGE_LOOP_ANALYSIS = YES;
				CLANG_WARN_STRICT_PROTOTYPES = YES;
				CLANG_WARN_SUSPICIOUS_MOVE = YES;
				CLANG_WARN_UNGUARDED_AVAILABILITY = YES_AGGRESSIVE;
				CLANG_WARN_UNREACHABLE_CODE = YES;
				CLANG_WARN__DUPLICATE_METHOD_MATCH = YES;
				COPY_PHASE_STRIP = NO;
				DEBUG_INFORMATION_FORMAT = dwarf;
				ENABLE_STRICT_OBJC_MSGSEND = YES;
				ENABLE_TESTABILITY = YES;
				GCC_C_LANGUAGE_STANDARD = gnu11;
				GCC_DYNAMIC_NO_PIC = NO;
				GCC_NO_COMMON_BLOCKS = YES;
				GCC_OPTIMIZATION_LEVEL = 0;
				GCC_PREPROCESSOR_DEFINITIONS = (
					"DEBUG=1",
					"$(inherited)",
				);
				GCC_WARN_64_TO_32_BIT_CONVERSION = YES;
				GCC_WARN_ABOUT_RETURN_TYPE = YES_ERROR;
				GCC_WARN_UNDECLARED_SELECTOR = YES;
				GCC_WARN_UNINITIALIZED_AUTOS = YES_AGGRESSIVE;
				GCC_WARN_UNUSED_FUNCTION = YES;
				GCC_WARN_UNUSED_VARIABLE = YES;
				IPHONEOS_DEPLOYMENT_TARGET = 15.5;
				MTL_ENABLE_DEBUG_INFO = INCLUDE_SOURCE;
				MTL_FAST_MATH = YES;
				ONLY_ACTIVE_ARCH = YES;
				SDKROOT = iphoneos;
				SWIFT_ACTIVE_COMPILATION_CONDITIONS = DEBUG;
				SWIFT_OPTIMIZATION_LEVEL = "-Onone";
			};
			name = Debug;
		};
		5631A3A528EFC0B0008518B8 /* Release */ = {
			isa = XCBuildConfiguration;
			buildSettings = {
				ALWAYS_SEARCH_USER_PATHS = NO;
				CLANG_ANALYZER_NONNULL = YES;
				CLANG_ANALYZER_NUMBER_OBJECT_CONVERSION = YES_AGGRESSIVE;
				CLANG_CXX_LANGUAGE_STANDARD = "gnu++17";
				CLANG_ENABLE_MODULES = YES;
				CLANG_ENABLE_OBJC_ARC = YES;
				CLANG_ENABLE_OBJC_WEAK = YES;
				CLANG_WARN_BLOCK_CAPTURE_AUTORELEASING = YES;
				CLANG_WARN_BOOL_CONVERSION = YES;
				CLANG_WARN_COMMA = YES;
				CLANG_WARN_CONSTANT_CONVERSION = YES;
				CLANG_WARN_DEPRECATED_OBJC_IMPLEMENTATIONS = YES;
				CLANG_WARN_DIRECT_OBJC_ISA_USAGE = YES_ERROR;
				CLANG_WARN_DOCUMENTATION_COMMENTS = YES;
				CLANG_WARN_EMPTY_BODY = YES;
				CLANG_WARN_ENUM_CONVERSION = YES;
				CLANG_WARN_INFINITE_RECURSION = YES;
				CLANG_WARN_INT_CONVERSION = YES;
				CLANG_WARN_NON_LITERAL_NULL_CONVERSION = YES;
				CLANG_WARN_OBJC_IMPLICIT_RETAIN_SELF = YES;
				CLANG_WARN_OBJC_LITERAL_CONVERSION = YES;
				CLANG_WARN_OBJC_ROOT_CLASS = YES_ERROR;
				CLANG_WARN_QUOTED_INCLUDE_IN_FRAMEWORK_HEADER = YES;
				CLANG_WARN_RANGE_LOOP_ANALYSIS = YES;
				CLANG_WARN_STRICT_PROTOTYPES = YES;
				CLANG_WARN_SUSPICIOUS_MOVE = YES;
				CLANG_WARN_UNGUARDED_AVAILABILITY = YES_AGGRESSIVE;
				CLANG_WARN_UNREACHABLE_CODE = YES;
				CLANG_WARN__DUPLICATE_METHOD_MATCH = YES;
				COPY_PHASE_STRIP = NO;
				DEBUG_INFORMATION_FORMAT = "dwarf-with-dsym";
				ENABLE_NS_ASSERTIONS = NO;
				ENABLE_STRICT_OBJC_MSGSEND = YES;
				GCC_C_LANGUAGE_STANDARD = gnu11;
				GCC_NO_COMMON_BLOCKS = YES;
				GCC_WARN_64_TO_32_BIT_CONVERSION = YES;
				GCC_WARN_ABOUT_RETURN_TYPE = YES_ERROR;
				GCC_WARN_UNDECLARED_SELECTOR = YES;
				GCC_WARN_UNINITIALIZED_AUTOS = YES_AGGRESSIVE;
				GCC_WARN_UNUSED_FUNCTION = YES;
				GCC_WARN_UNUSED_VARIABLE = YES;
				IPHONEOS_DEPLOYMENT_TARGET = 15.5;
				MTL_ENABLE_DEBUG_INFO = NO;
				MTL_FAST_MATH = YES;
				SDKROOT = iphoneos;
				SWIFT_COMPILATION_MODE = wholemodule;
				SWIFT_OPTIMIZATION_LEVEL = "-O";
				VALIDATE_PRODUCT = YES;
			};
			name = Release;
		};
		5631A3A728EFC0B0008518B8 /* Debug */ = {
			isa = XCBuildConfiguration;
			buildSettings = {
				ASSETCATALOG_COMPILER_APPICON_NAME = AppIcon;
				ASSETCATALOG_COMPILER_GLOBAL_ACCENT_COLOR_NAME = AccentColor;
				CODE_SIGN_STYLE = Automatic;
				CURRENT_PROJECT_VERSION = 1;
				DEVELOPMENT_TEAM = 4BT26Z8C22;
				GENERATE_INFOPLIST_FILE = YES;
				INFOPLIST_FILE = GroupProject/Info.plist;
				INFOPLIST_KEY_UIApplicationSupportsIndirectInputEvents = YES;
				INFOPLIST_KEY_UILaunchStoryboardName = LaunchScreen;
				INFOPLIST_KEY_UIMainStoryboardFile = Main;
				INFOPLIST_KEY_UISupportedInterfaceOrientations = UIInterfaceOrientationPortrait;
				INFOPLIST_KEY_UISupportedInterfaceOrientations_iPad = "UIInterfaceOrientationPortrait UIInterfaceOrientationPortraitUpsideDown UIInterfaceOrientationLandscapeLeft UIInterfaceOrientationLandscapeRight";
				INFOPLIST_KEY_UISupportedInterfaceOrientations_iPhone = "UIInterfaceOrientationPortrait UIInterfaceOrientationLandscapeLeft UIInterfaceOrientationLandscapeRight";
				IPHONEOS_DEPLOYMENT_TARGET = 14.1;
				LD_RUNPATH_SEARCH_PATHS = (
					"$(inherited)",
					"@executable_path/Frameworks",
				);
				MARKETING_VERSION = 1.0;
				PRODUCT_BUNDLE_IDENTIFIER = utcs.GroupProjectNew;
				PRODUCT_NAME = "$(TARGET_NAME)";
				SWIFT_EMIT_LOC_STRINGS = YES;
				SWIFT_VERSION = 5.0;
				TARGETED_DEVICE_FAMILY = "1,2";
			};
			name = Debug;
		};
		5631A3A828EFC0B0008518B8 /* Release */ = {
			isa = XCBuildConfiguration;
			buildSettings = {
				ASSETCATALOG_COMPILER_APPICON_NAME = AppIcon;
				ASSETCATALOG_COMPILER_GLOBAL_ACCENT_COLOR_NAME = AccentColor;
				CODE_SIGN_STYLE = Automatic;
				CURRENT_PROJECT_VERSION = 1;
				DEVELOPMENT_TEAM = 4BT26Z8C22;
				GENERATE_INFOPLIST_FILE = YES;
				INFOPLIST_FILE = GroupProject/Info.plist;
				INFOPLIST_KEY_UIApplicationSupportsIndirectInputEvents = YES;
				INFOPLIST_KEY_UILaunchStoryboardName = LaunchScreen;
				INFOPLIST_KEY_UIMainStoryboardFile = Main;
				INFOPLIST_KEY_UISupportedInterfaceOrientations = UIInterfaceOrientationPortrait;
				INFOPLIST_KEY_UISupportedInterfaceOrientations_iPad = "UIInterfaceOrientationPortrait UIInterfaceOrientationPortraitUpsideDown UIInterfaceOrientationLandscapeLeft UIInterfaceOrientationLandscapeRight";
				INFOPLIST_KEY_UISupportedInterfaceOrientations_iPhone = "UIInterfaceOrientationPortrait UIInterfaceOrientationLandscapeLeft UIInterfaceOrientationLandscapeRight";
				IPHONEOS_DEPLOYMENT_TARGET = 14.1;
				LD_RUNPATH_SEARCH_PATHS = (
					"$(inherited)",
					"@executable_path/Frameworks",
				);
				MARKETING_VERSION = 1.0;
				PRODUCT_BUNDLE_IDENTIFIER = utcs.GroupProjectNew;
				PRODUCT_NAME = "$(TARGET_NAME)";
				SWIFT_EMIT_LOC_STRINGS = YES;
				SWIFT_VERSION = 5.0;
				TARGETED_DEVICE_FAMILY = "1,2";
			};
			name = Release;
		};
/* End XCBuildConfiguration section */

/* Begin XCConfigurationList section */
		5631A38D28EFC0AB008518B8 /* Build configuration list for PBXProject "GroupProject" */ = {
			isa = XCConfigurationList;
			buildConfigurations = (
				5631A3A428EFC0B0008518B8 /* Debug */,
				5631A3A528EFC0B0008518B8 /* Release */,
			);
			defaultConfigurationIsVisible = 0;
			defaultConfigurationName = Release;
		};
		5631A3A628EFC0B0008518B8 /* Build configuration list for PBXNativeTarget "GroupProject" */ = {
			isa = XCConfigurationList;
			buildConfigurations = (
				5631A3A728EFC0B0008518B8 /* Debug */,
				5631A3A828EFC0B0008518B8 /* Release */,
			);
			defaultConfigurationIsVisible = 0;
			defaultConfigurationName = Release;
		};
/* End XCConfigurationList section */

/* Begin XCRemoteSwiftPackageReference section */
		568310E6292AE94B00487087 /* XCRemoteSwiftPackageReference "firebase-ios-sdk" */ = {
			isa = XCRemoteSwiftPackageReference;
			repositoryURL = "https://github.com/firebase/firebase-ios-sdk";
			requirement = {
				branch = master;
				kind = branch;
			};
		};
/* End XCRemoteSwiftPackageReference section */

/* Begin XCSwiftPackageProductDependency section */
		568310E7292AE94B00487087 /* FirebaseAuth */ = {
			isa = XCSwiftPackageProductDependency;
			package = 568310E6292AE94B00487087 /* XCRemoteSwiftPackageReference "firebase-ios-sdk" */;
			productName = FirebaseAuth;
		};
/* End XCSwiftPackageProductDependency section */

/* Begin XCVersionGroup section */
		568310FC29315A7200487087 /* GroupProject.xcdatamodeld */ = {
			isa = XCVersionGroup;
			children = (
				568310FD29315A7200487087 /* GroupProject.xcdatamodel */,
			);
			currentVersion = 568310FD29315A7200487087 /* GroupProject.xcdatamodel */;
			path = GroupProject.xcdatamodeld;
			sourceTree = "<group>";
			versionGroupType = wrapper.xcdatamodel;
		};
/* End XCVersionGroup section */
	};
	rootObject = 5631A38A28EFC0AB008518B8 /* Project object */;
}
